
Microsoft Visual Studio Solution File, Format Version 12.00
# Visual Studio Version 17
VisualStudioVersion = 17.5.33516.290
MinimumVisualStudioVersion = 10.0.40219.1
Project("{FAE04EC0-301F-11D3-BF4B-00C04F79EFBC}") = "pract01", "pract01\pract01.csproj", "{E0EC6295-6D0B-429D-98F3-0A2DD4011D08}"
EndProject
Project("{FAE04EC0-301F-11D3-BF4B-00C04F79EFBC}") = "pract02", "pract02\pract02.csproj", "{91FD1344-04B2-4832-87F9-673E6E6BF1CA}"
EndProject
Project("{FAE04EC0-301F-11D3-BF4B-00C04F79EFBC}") = "pract03", "pract03\pract03.csproj", "{4BE0C65F-B0AA-4FB2-A123-ACE3689E6049}"
EndProject
Project("{FAE04EC0-301F-11D3-BF4B-00C04F79EFBC}") = "pract04", "pract04\pract04.csproj", "{248B926A-92BF-45CF-A940-B16FA9D64F6B}"
EndProject
Project("{FAE04EC0-301F-11D3-BF4B-00C04F79EFBC}") = "pract05", "pract05\pract05.csproj", "{11BB44E5-53A4-4C44-8BBF-3CA48D6BC44B}"
EndProject
Project("{FAE04EC0-301F-11D3-BF4B-00C04F79EFBC}") = "pract06", "pract06\pract06.csproj", "{BBCFFD17-7CA0-45D5-8F5D-BA8266A77271}"
EndProject
Project("{FAE04EC0-301F-11D3-BF4B-00C04F79EFBC}") = "pract07", "pract07\pract07.csproj", "{4A72DBDF-18F2-4211-95B1-14005D58BDDE}"
EndProject
Project("{FAE04EC0-301F-11D3-BF4B-00C04F79EFBC}") = "pract08", "pract08\pract08.csproj", "{3574AAF3-86CA-4732-8B46-75D52F482A99}"
EndProject
Project("{FAE04EC0-301F-11D3-BF4B-00C04F79EFBC}") = "pract09", "pract09\pract09.csproj", "{A95873B0-50CC-4467-B5B7-E4CC3D81ABF1}"
EndProject
Project("{FAE04EC0-301F-11D3-BF4B-00C04F79EFBC}") = "pract10", "pract10\pract10.csproj", "{25AC1467-43B9-41CF-A588-5F27906B693A}"
EndProject
Project("{FAE04EC0-301F-11D3-BF4B-00C04F79EFBC}") = "pract11", "pract11\pract11.csproj", "{BF42B5C0-5E21-4AEC-B9FB-B8E5A95B0971}"
EndProject
Project("{FAE04EC0-301F-11D3-BF4B-00C04F79EFBC}") = "pract12", "pract12\pract12.csproj", "{A2E6CCAD-7C47-4E22-848D-22FDAD553E87}"
EndProject
Project("{FAE04EC0-301F-11D3-BF4B-00C04F79EFBC}") = "pract13", "pract13\pract13.csproj", "{0B3E3BE3-6320-42D0-B241-A46B636AE892}"
EndProject
Project("{FAE04EC0-301F-11D3-BF4B-00C04F79EFBC}") = "pract14", "pract14\pract14.csproj", "{279F9784-5179-4281-AD6D-F0379D69444F}"
EndProject
Project("{FAE04EC0-301F-11D3-BF4B-00C04F79EFBC}") = "pract15", "pract15\pract15.csproj", "{7278717E-309F-4364-935A-1B6169E995DC}"
EndProject
Project("{FAE04EC0-301F-11D3-BF4B-00C04F79EFBC}") = "pract16", "pract16\pract16.csproj", "{4D3A7E83-5841-482F-BD55-AD18F346416D}"
EndProject
Project("{FAE04EC0-301F-11D3-BF4B-00C04F79EFBC}") = "pract17", "pract17\pract17.csproj", "{1214B1AF-702F-423D-A9D1-207EF01CBB9A}"
EndProject
Project("{FAE04EC0-301F-11D3-BF4B-00C04F79EFBC}") = "pract18", "pract18\pract18.csproj", "{E38EBC8B-5AFA-4C69-B05F-ECF155AB12F1}"
EndProject
Project("{FAE04EC0-301F-11D3-BF4B-00C04F79EFBC}") = "pract19", "pract19\pract19.csproj", "{5F09DFA7-D131-481F-A10D-8D8695E1F954}"
EndProject
Project("{FAE04EC0-301F-11D3-BF4B-00C04F79EFBC}") = "pract20", "pract20\pract20.csproj", "{5BF719F5-4623-44BD-A800-B8782EF15615}"
EndProject
Project("{FAE04EC0-301F-11D3-BF4B-00C04F79EFBC}") = "pract21", "pract21\pract21.csproj", "{D09157EC-625B-4B78-9129-A51D1843B26E}"
EndProject
Project("{FAE04EC0-301F-11D3-BF4B-00C04F79EFBC}") = "pract22", "pract22\pract22.csproj", "{64806404-84A9-4509-AA13-8860AF1ABAE9}"
EndProject
Project("{FAE04EC0-301F-11D3-BF4B-00C04F79EFBC}") = "pract23", "pract23\pract23.csproj", "{C892D95B-F038-4AF7-AEE9-A79003FFAF71}"
EndProject
Project("{FAE04EC0-301F-11D3-BF4B-00C04F79EFBC}") = "pract24", "pract24\pract24.csproj", "{94FE96FA-26D9-4F42-BAEE-5C67554CCF10}"
EndProject
Project("{FAE04EC0-301F-11D3-BF4B-00C04F79EFBC}") = "pract25", "pract25\pract25.csproj", "{1AA0FBE8-E78E-404E-968C-E0F946EBC047}"
EndProject
Project("{FAE04EC0-301F-11D3-BF4B-00C04F79EFBC}") = "pract26", "pract26\pract26.csproj", "{3B299B94-308D-4691-9D4A-32A60386E8E3}"
EndProject
Project("{FAE04EC0-301F-11D3-BF4B-00C04F79EFBC}") = "pract27", "pract27\pract27.csproj", "{F21D474B-85AB-428F-871D-BEFD9F319FA1}"
EndProject
Project("{FAE04EC0-301F-11D3-BF4B-00C04F79EFBC}") = "pract28", "pract28\pract28.csproj", "{63F93CA4-3D1F-4434-B5D9-8666C9E25E0D}"
EndProject
Project("{FAE04EC0-301F-11D3-BF4B-00C04F79EFBC}") = "pract29", "pract29\pract29.csproj", "{BD65F8EC-3C41-4996-ACB0-353F3F377CE2}"
EndProject
Project("{FAE04EC0-301F-11D3-BF4B-00C04F79EFBC}") = "pract30", "pract30\pract30.csproj", "{4A2DB327-6838-4A61-A2E1-990E25C70F71}"
EndProject
Project("{FAE04EC0-301F-11D3-BF4B-00C04F79EFBC}") = "pract31", "pract31\pract31.csproj", "{B7175E48-E762-4E04-8066-4022733D9694}"
EndProject
Project("{FAE04EC0-301F-11D3-BF4B-00C04F79EFBC}") = "pract32", "pract32\pract32.csproj", "{48F89B9D-EBA5-408D-B15F-87F10EC6ECAA}"
EndProject
Project("{FAE04EC0-301F-11D3-BF4B-00C04F79EFBC}") = "pract33", "pract33\pract33.csproj", "{9382BF6E-F633-4ED0-BD1F-933916F827D4}"
EndProject
Project("{FAE04EC0-301F-11D3-BF4B-00C04F79EFBC}") = "pract34", "pract34\pract34.csproj", "{DF04B2AD-244A-491F-AF42-3FA6F702A40B}"
EndProject
Project("{FAE04EC0-301F-11D3-BF4B-00C04F79EFBC}") = "pract35", "pract35\pract35.csproj", "{7C2923B6-5458-4981-8A4A-21D8875A21FE}"
EndProject
Project("{FAE04EC0-301F-11D3-BF4B-00C04F79EFBC}") = "pract36", "pract36\pract36.csproj", "{C48970C8-05C1-480D-8A9D-EF6B4A0D633B}"
EndProject
Project("{FAE04EC0-301F-11D3-BF4B-00C04F79EFBC}") = "pract37", "pract37\pract37.csproj", "{CE1AD0E4-3A2B-45CF-BB3E-587F1796BACA}"
EndProject
Project("{FAE04EC0-301F-11D3-BF4B-00C04F79EFBC}") = "pract38", "pract38\pract38.csproj", "{F47CE71D-671E-488F-98D1-6B7330772450}"
EndProject
Project("{FAE04EC0-301F-11D3-BF4B-00C04F79EFBC}") = "pract39", "pract39\pract39.csproj", "{DBB5E233-29A2-4D76-AD49-7DDD43DBDD4D}"
EndProject
Project("{FAE04EC0-301F-11D3-BF4B-00C04F79EFBC}") = "pract40", "pract40\pract40.csproj", "{022A4C91-E06E-4CCB-B650-A7E1ED506001}"
EndProject
Project("{FAE04EC0-301F-11D3-BF4B-00C04F79EFBC}") = "pract41", "pract41\pract41.csproj", "{FBAE5EFD-27DA-42D1-8CE0-0E044FF72368}"
EndProject
Project("{FAE04EC0-301F-11D3-BF4B-00C04F79EFBC}") = "pract42", "pract42\pract42.csproj", "{C952BFB4-6E50-4CAC-99AE-0A67D0398C6E}"
EndProject
Project("{FAE04EC0-301F-11D3-BF4B-00C04F79EFBC}") = "pract43", "pract43\pract43.csproj", "{CA1BEAD2-F11A-4BF9-AF06-2AABC7F8D885}"
EndProject
Project("{FAE04EC0-301F-11D3-BF4B-00C04F79EFBC}") = "pract44", "pract44\pract44.csproj", "{1A092E6A-9DBA-4E32-9A7A-C515905CABA7}"
EndProject
Project("{FAE04EC0-301F-11D3-BF4B-00C04F79EFBC}") = "pract45", "pract45\pract45.csproj", "{FBC9ABCD-BE2A-41F8-8D8F-93BADF202BF9}"
EndProject
Project("{FAE04EC0-301F-11D3-BF4B-00C04F79EFBC}") = "pract46", "pract46\pract46.csproj", "{39A77326-0FF7-42D0-803A-633172C1A437}"
EndProject
Project("{FAE04EC0-301F-11D3-BF4B-00C04F79EFBC}") = "pract47", "pract47\pract47.csproj", "{637031BD-F81A-4B3E-A39F-97139959BCA3}"
EndProject
Project("{FAE04EC0-301F-11D3-BF4B-00C04F79EFBC}") = "pract48", "pract48\pract48.csproj", "{B26AF0B6-DD23-4150-98D2-61622115C6EF}"
EndProject
Project("{FAE04EC0-301F-11D3-BF4B-00C04F79EFBC}") = "pract49", "pract49\pract49.csproj", "{AB70BF95-CC36-46EE-8608-02DFD49CF201}"
EndProject
Project("{FAE04EC0-301F-11D3-BF4B-00C04F79EFBC}") = "pract50", "pract50\pract50.csproj", "{A8B2509D-AC37-4C5A-AA06-5CA77ACB7E5C}"
EndProject
Project("{FAE04EC0-301F-11D3-BF4B-00C04F79EFBC}") = "pract51", "pract51\pract51.csproj", "{F825E589-5587-46BF-BC9E-1F875270F6FB}"
EndProject
Project("{FAE04EC0-301F-11D3-BF4B-00C04F79EFBC}") = "pract52", "pract52\pract52.csproj", "{9CA47702-58CB-408F-8A1D-DFF299AC4F4D}"
EndProject
Project("{FAE04EC0-301F-11D3-BF4B-00C04F79EFBC}") = "pract53", "pract53\pract53.csproj", "{D54A95D2-0A05-412F-8C40-D6D17EDCCD54}"
EndProject
Project("{FAE04EC0-301F-11D3-BF4B-00C04F79EFBC}") = "pract54", "pract54\pract54.csproj", "{57BF8748-DB00-4889-A429-B4EDED8AC282}"
EndProject
Project("{FAE04EC0-301F-11D3-BF4B-00C04F79EFBC}") = "pract55", "pract55\pract55.csproj", "{C6CC0B3C-A9D2-4B1B-B39C-BFE4B9959B7D}"
EndProject
Project("{FAE04EC0-301F-11D3-BF4B-00C04F79EFBC}") = "pract56", "pract56\pract56.csproj", "{39509D55-A764-4EAD-8A3C-0EBF76E31C59}"
EndProject
Project("{FAE04EC0-301F-11D3-BF4B-00C04F79EFBC}") = "pract57", "pract57\pract57.csproj", "{EB53FD4F-38A8-41A2-A67F-7DFDFCB60605}"
EndProject
Project("{FAE04EC0-301F-11D3-BF4B-00C04F79EFBC}") = "pract58", "pract58\pract58.csproj", "{FB40491E-3FAD-485D-8EE4-4F577D24FA35}"
EndProject
Project("{FAE04EC0-301F-11D3-BF4B-00C04F79EFBC}") = "pract59", "pract59\pract59.csproj", "{963BC5A6-6F9E-4B65-A0D4-7799259AA885}"
EndProject
Project("{FAE04EC0-301F-11D3-BF4B-00C04F79EFBC}") = "pract60", "pract60\pract60.csproj", "{5EB1E62C-2C40-46BC-B5B4-128C824EB5DB}"
EndProject
Project("{FAE04EC0-301F-11D3-BF4B-00C04F79EFBC}") = "pract61", "pract61\pract61.csproj", "{A6E3836D-D4C1-4D3A-93BA-72A196C661D2}"
EndProject
Project("{FAE04EC0-301F-11D3-BF4B-00C04F79EFBC}") = "pract62", "pract62\pract62.csproj", "{9E27A9B9-E0EF-4043-A711-59DD8E73FC61}"
EndProject
Project("{FAE04EC0-301F-11D3-BF4B-00C04F79EFBC}") = "ejer01", "ejer01\ejer01.csproj", "{C7126B96-A1EE-4402-9932-EAD13657FAE2}"
EndProject
Project("{FAE04EC0-301F-11D3-BF4B-00C04F79EFBC}") = "ejer02", "ejer02\ejer02.csproj", "{017BADBB-5AD4-4C91-BBA1-0CF01077912B}"
EndProject
Project("{FAE04EC0-301F-11D3-BF4B-00C04F79EFBC}") = "ejer03", "ejer03\ejer03.csproj", "{1E870601-C73D-4A79-B707-764BEA908C91}"
EndProject
Project("{FAE04EC0-301F-11D3-BF4B-00C04F79EFBC}") = "ejer05", "ejer05\ejer05.csproj", "{74132893-4CE3-4781-A40D-DE33CDDB42BF}"
EndProject
Project("{FAE04EC0-301F-11D3-BF4B-00C04F79EFBC}") = "ejer04", "ejer04\ejer04.csproj", "{180A49A4-E369-46B2-B5AE-455C1DF64C69}"
EndProject
Project("{FAE04EC0-301F-11D3-BF4B-00C04F79EFBC}") = "ejer06", "ejer06\ejer06.csproj", "{7150E118-C9D3-4509-8F7F-8736B77A444B}"
EndProject
Project("{FAE04EC0-301F-11D3-BF4B-00C04F79EFBC}") = "ejer07", "ejer07\ejer07.csproj", "{9AA6E7B4-C9F1-487E-B1D4-FBA5EFB36FB2}"
EndProject
Project("{FAE04EC0-301F-11D3-BF4B-00C04F79EFBC}") = "ejer08", "ejer08\ejer08.csproj", "{96C9D065-B77F-42F4-8DA8-2C7570E366D1}"
EndProject
Project("{FAE04EC0-301F-11D3-BF4B-00C04F79EFBC}") = "ejer09", "ejer09\ejer09.csproj", "{9AE80435-EA21-4D75-BA1F-79B12F2CE403}"
EndProject
Project("{FAE04EC0-301F-11D3-BF4B-00C04F79EFBC}") = "ejer10", "ejer10\ejer10.csproj", "{89E1F1B9-31E5-4207-82A4-46FDE7B6287F}"
EndProject
Project("{FAE04EC0-301F-11D3-BF4B-00C04F79EFBC}") = "ejer11", "ejer11\ejer11.csproj", "{B1CC0D61-AAD4-424E-9735-C1D97121D84D}"
EndProject
Project("{FAE04EC0-301F-11D3-BF4B-00C04F79EFBC}") = "ejer12", "ejer12\ejer12.csproj", "{638E8670-5C2C-4CF6-9E7E-C51630B7A5C5}"
EndProject
Project("{FAE04EC0-301F-11D3-BF4B-00C04F79EFBC}") = "ejer13", "ejer13\ejer13.csproj", "{38776D57-61BC-430D-8899-FAD5BBCCF8B4}"
EndProject
Project("{FAE04EC0-301F-11D3-BF4B-00C04F79EFBC}") = "ejer14", "ejer14\ejer14.csproj", "{19CD8301-51DB-4576-AB28-ECCF2E78F0A2}"
EndProject
Project("{FAE04EC0-301F-11D3-BF4B-00C04F79EFBC}") = "ejer15", "ejer15\ejer15.csproj", "{946FBB3F-EC64-4160-BF31-5F0FA124CB96}"
EndProject
Project("{FAE04EC0-301F-11D3-BF4B-00C04F79EFBC}") = "ejer16", "ejer16\ejer16.csproj", "{CF438A99-F665-4695-84C7-52BC782B5B7A}"
EndProject
Project("{FAE04EC0-301F-11D3-BF4B-00C04F79EFBC}") = "pract70", "pract70\pract70.csproj", "{977C6AB6-CDD7-454A-98C3-1786F88542CF}"
EndProject
Project("{FAE04EC0-301F-11D3-BF4B-00C04F79EFBC}") = "pract71", "pract71\pract71.csproj", "{C89D1E79-CB46-413B-88B4-6819CD8C23BB}"
EndProject
Project("{FAE04EC0-301F-11D3-BF4B-00C04F79EFBC}") = "pract72", "pract72\pract72.csproj", "{7F48752A-0518-458B-9B9E-700F51BDF39C}"
EndProject
Project("{FAE04EC0-301F-11D3-BF4B-00C04F79EFBC}") = "Exam", "Exam\Exam.csproj", "{2E55A0C7-65C8-4E23-8F6C-E9B955994BFB}"
EndProject
Project("{FAE04EC0-301F-11D3-BF4B-00C04F79EFBC}") = "ejer18", "ejer18\ejer18.csproj", "{DF62E3DB-6C67-4498-A57C-5E1371B7698A}"
EndProject
Global
	GlobalSection(SolutionConfigurationPlatforms) = preSolution
		Debug|Any CPU = Debug|Any CPU
		Release|Any CPU = Release|Any CPU
	EndGlobalSection
	GlobalSection(ProjectConfigurationPlatforms) = postSolution
		{E0EC6295-6D0B-429D-98F3-0A2DD4011D08}.Debug|Any CPU.ActiveCfg = Debug|Any CPU
		{E0EC6295-6D0B-429D-98F3-0A2DD4011D08}.Debug|Any CPU.Build.0 = Debug|Any CPU
		{E0EC6295-6D0B-429D-98F3-0A2DD4011D08}.Release|Any CPU.ActiveCfg = Release|Any CPU
		{E0EC6295-6D0B-429D-98F3-0A2DD4011D08}.Release|Any CPU.Build.0 = Release|Any CPU
		{91FD1344-04B2-4832-87F9-673E6E6BF1CA}.Debug|Any CPU.ActiveCfg = Debug|Any CPU
		{91FD1344-04B2-4832-87F9-673E6E6BF1CA}.Debug|Any CPU.Build.0 = Debug|Any CPU
		{91FD1344-04B2-4832-87F9-673E6E6BF1CA}.Release|Any CPU.ActiveCfg = Release|Any CPU
		{91FD1344-04B2-4832-87F9-673E6E6BF1CA}.Release|Any CPU.Build.0 = Release|Any CPU
		{4BE0C65F-B0AA-4FB2-A123-ACE3689E6049}.Debug|Any CPU.ActiveCfg = Debug|Any CPU
		{4BE0C65F-B0AA-4FB2-A123-ACE3689E6049}.Debug|Any CPU.Build.0 = Debug|Any CPU
		{4BE0C65F-B0AA-4FB2-A123-ACE3689E6049}.Release|Any CPU.ActiveCfg = Release|Any CPU
		{4BE0C65F-B0AA-4FB2-A123-ACE3689E6049}.Release|Any CPU.Build.0 = Release|Any CPU
		{248B926A-92BF-45CF-A940-B16FA9D64F6B}.Debug|Any CPU.ActiveCfg = Debug|Any CPU
		{248B926A-92BF-45CF-A940-B16FA9D64F6B}.Debug|Any CPU.Build.0 = Debug|Any CPU
		{248B926A-92BF-45CF-A940-B16FA9D64F6B}.Release|Any CPU.ActiveCfg = Release|Any CPU
		{248B926A-92BF-45CF-A940-B16FA9D64F6B}.Release|Any CPU.Build.0 = Release|Any CPU
		{11BB44E5-53A4-4C44-8BBF-3CA48D6BC44B}.Debug|Any CPU.ActiveCfg = Debug|Any CPU
		{11BB44E5-53A4-4C44-8BBF-3CA48D6BC44B}.Debug|Any CPU.Build.0 = Debug|Any CPU
		{11BB44E5-53A4-4C44-8BBF-3CA48D6BC44B}.Release|Any CPU.ActiveCfg = Release|Any CPU
		{11BB44E5-53A4-4C44-8BBF-3CA48D6BC44B}.Release|Any CPU.Build.0 = Release|Any CPU
		{BBCFFD17-7CA0-45D5-8F5D-BA8266A77271}.Debug|Any CPU.ActiveCfg = Debug|Any CPU
		{BBCFFD17-7CA0-45D5-8F5D-BA8266A77271}.Debug|Any CPU.Build.0 = Debug|Any CPU
		{BBCFFD17-7CA0-45D5-8F5D-BA8266A77271}.Release|Any CPU.ActiveCfg = Release|Any CPU
		{BBCFFD17-7CA0-45D5-8F5D-BA8266A77271}.Release|Any CPU.Build.0 = Release|Any CPU
		{4A72DBDF-18F2-4211-95B1-14005D58BDDE}.Debug|Any CPU.ActiveCfg = Debug|Any CPU
		{4A72DBDF-18F2-4211-95B1-14005D58BDDE}.Debug|Any CPU.Build.0 = Debug|Any CPU
		{4A72DBDF-18F2-4211-95B1-14005D58BDDE}.Release|Any CPU.ActiveCfg = Release|Any CPU
		{4A72DBDF-18F2-4211-95B1-14005D58BDDE}.Release|Any CPU.Build.0 = Release|Any CPU
		{3574AAF3-86CA-4732-8B46-75D52F482A99}.Debug|Any CPU.ActiveCfg = Debug|Any CPU
		{3574AAF3-86CA-4732-8B46-75D52F482A99}.Debug|Any CPU.Build.0 = Debug|Any CPU
		{3574AAF3-86CA-4732-8B46-75D52F482A99}.Release|Any CPU.ActiveCfg = Release|Any CPU
		{3574AAF3-86CA-4732-8B46-75D52F482A99}.Release|Any CPU.Build.0 = Release|Any CPU
		{A95873B0-50CC-4467-B5B7-E4CC3D81ABF1}.Debug|Any CPU.ActiveCfg = Debug|Any CPU
		{A95873B0-50CC-4467-B5B7-E4CC3D81ABF1}.Debug|Any CPU.Build.0 = Debug|Any CPU
		{A95873B0-50CC-4467-B5B7-E4CC3D81ABF1}.Release|Any CPU.ActiveCfg = Release|Any CPU
		{A95873B0-50CC-4467-B5B7-E4CC3D81ABF1}.Release|Any CPU.Build.0 = Release|Any CPU
		{25AC1467-43B9-41CF-A588-5F27906B693A}.Debug|Any CPU.ActiveCfg = Debug|Any CPU
		{25AC1467-43B9-41CF-A588-5F27906B693A}.Debug|Any CPU.Build.0 = Debug|Any CPU
		{25AC1467-43B9-41CF-A588-5F27906B693A}.Release|Any CPU.ActiveCfg = Release|Any CPU
		{25AC1467-43B9-41CF-A588-5F27906B693A}.Release|Any CPU.Build.0 = Release|Any CPU
		{BF42B5C0-5E21-4AEC-B9FB-B8E5A95B0971}.Debug|Any CPU.ActiveCfg = Debug|Any CPU
		{BF42B5C0-5E21-4AEC-B9FB-B8E5A95B0971}.Debug|Any CPU.Build.0 = Debug|Any CPU
		{BF42B5C0-5E21-4AEC-B9FB-B8E5A95B0971}.Release|Any CPU.ActiveCfg = Release|Any CPU
		{BF42B5C0-5E21-4AEC-B9FB-B8E5A95B0971}.Release|Any CPU.Build.0 = Release|Any CPU
		{A2E6CCAD-7C47-4E22-848D-22FDAD553E87}.Debug|Any CPU.ActiveCfg = Debug|Any CPU
		{A2E6CCAD-7C47-4E22-848D-22FDAD553E87}.Debug|Any CPU.Build.0 = Debug|Any CPU
		{A2E6CCAD-7C47-4E22-848D-22FDAD553E87}.Release|Any CPU.ActiveCfg = Release|Any CPU
		{A2E6CCAD-7C47-4E22-848D-22FDAD553E87}.Release|Any CPU.Build.0 = Release|Any CPU
		{0B3E3BE3-6320-42D0-B241-A46B636AE892}.Debug|Any CPU.ActiveCfg = Debug|Any CPU
		{0B3E3BE3-6320-42D0-B241-A46B636AE892}.Debug|Any CPU.Build.0 = Debug|Any CPU
		{0B3E3BE3-6320-42D0-B241-A46B636AE892}.Release|Any CPU.ActiveCfg = Release|Any CPU
		{0B3E3BE3-6320-42D0-B241-A46B636AE892}.Release|Any CPU.Build.0 = Release|Any CPU
		{279F9784-5179-4281-AD6D-F0379D69444F}.Debug|Any CPU.ActiveCfg = Debug|Any CPU
		{279F9784-5179-4281-AD6D-F0379D69444F}.Debug|Any CPU.Build.0 = Debug|Any CPU
		{279F9784-5179-4281-AD6D-F0379D69444F}.Release|Any CPU.ActiveCfg = Release|Any CPU
		{279F9784-5179-4281-AD6D-F0379D69444F}.Release|Any CPU.Build.0 = Release|Any CPU
		{7278717E-309F-4364-935A-1B6169E995DC}.Debug|Any CPU.ActiveCfg = Debug|Any CPU
		{7278717E-309F-4364-935A-1B6169E995DC}.Debug|Any CPU.Build.0 = Debug|Any CPU
		{7278717E-309F-4364-935A-1B6169E995DC}.Release|Any CPU.ActiveCfg = Release|Any CPU
		{7278717E-309F-4364-935A-1B6169E995DC}.Release|Any CPU.Build.0 = Release|Any CPU
		{4D3A7E83-5841-482F-BD55-AD18F346416D}.Debug|Any CPU.ActiveCfg = Debug|Any CPU
		{4D3A7E83-5841-482F-BD55-AD18F346416D}.Debug|Any CPU.Build.0 = Debug|Any CPU
		{4D3A7E83-5841-482F-BD55-AD18F346416D}.Release|Any CPU.ActiveCfg = Release|Any CPU
		{4D3A7E83-5841-482F-BD55-AD18F346416D}.Release|Any CPU.Build.0 = Release|Any CPU
		{1214B1AF-702F-423D-A9D1-207EF01CBB9A}.Debug|Any CPU.ActiveCfg = Debug|Any CPU
		{1214B1AF-702F-423D-A9D1-207EF01CBB9A}.Debug|Any CPU.Build.0 = Debug|Any CPU
		{1214B1AF-702F-423D-A9D1-207EF01CBB9A}.Release|Any CPU.ActiveCfg = Release|Any CPU
		{1214B1AF-702F-423D-A9D1-207EF01CBB9A}.Release|Any CPU.Build.0 = Release|Any CPU
		{E38EBC8B-5AFA-4C69-B05F-ECF155AB12F1}.Debug|Any CPU.ActiveCfg = Debug|Any CPU
		{E38EBC8B-5AFA-4C69-B05F-ECF155AB12F1}.Debug|Any CPU.Build.0 = Debug|Any CPU
		{E38EBC8B-5AFA-4C69-B05F-ECF155AB12F1}.Release|Any CPU.ActiveCfg = Release|Any CPU
		{E38EBC8B-5AFA-4C69-B05F-ECF155AB12F1}.Release|Any CPU.Build.0 = Release|Any CPU
		{5F09DFA7-D131-481F-A10D-8D8695E1F954}.Debug|Any CPU.ActiveCfg = Debug|Any CPU
		{5F09DFA7-D131-481F-A10D-8D8695E1F954}.Debug|Any CPU.Build.0 = Debug|Any CPU
		{5F09DFA7-D131-481F-A10D-8D8695E1F954}.Release|Any CPU.ActiveCfg = Release|Any CPU
		{5F09DFA7-D131-481F-A10D-8D8695E1F954}.Release|Any CPU.Build.0 = Release|Any CPU
		{5BF719F5-4623-44BD-A800-B8782EF15615}.Debug|Any CPU.ActiveCfg = Debug|Any CPU
		{5BF719F5-4623-44BD-A800-B8782EF15615}.Debug|Any CPU.Build.0 = Debug|Any CPU
		{5BF719F5-4623-44BD-A800-B8782EF15615}.Release|Any CPU.ActiveCfg = Release|Any CPU
		{5BF719F5-4623-44BD-A800-B8782EF15615}.Release|Any CPU.Build.0 = Release|Any CPU
		{D09157EC-625B-4B78-9129-A51D1843B26E}.Debug|Any CPU.ActiveCfg = Debug|Any CPU
		{D09157EC-625B-4B78-9129-A51D1843B26E}.Debug|Any CPU.Build.0 = Debug|Any CPU
		{D09157EC-625B-4B78-9129-A51D1843B26E}.Release|Any CPU.ActiveCfg = Release|Any CPU
		{D09157EC-625B-4B78-9129-A51D1843B26E}.Release|Any CPU.Build.0 = Release|Any CPU
		{64806404-84A9-4509-AA13-8860AF1ABAE9}.Debug|Any CPU.ActiveCfg = Debug|Any CPU
		{64806404-84A9-4509-AA13-8860AF1ABAE9}.Debug|Any CPU.Build.0 = Debug|Any CPU
		{64806404-84A9-4509-AA13-8860AF1ABAE9}.Release|Any CPU.ActiveCfg = Release|Any CPU
		{64806404-84A9-4509-AA13-8860AF1ABAE9}.Release|Any CPU.Build.0 = Release|Any CPU
		{C892D95B-F038-4AF7-AEE9-A79003FFAF71}.Debug|Any CPU.ActiveCfg = Debug|Any CPU
		{C892D95B-F038-4AF7-AEE9-A79003FFAF71}.Debug|Any CPU.Build.0 = Debug|Any CPU
		{C892D95B-F038-4AF7-AEE9-A79003FFAF71}.Release|Any CPU.ActiveCfg = Release|Any CPU
		{C892D95B-F038-4AF7-AEE9-A79003FFAF71}.Release|Any CPU.Build.0 = Release|Any CPU
		{94FE96FA-26D9-4F42-BAEE-5C67554CCF10}.Debug|Any CPU.ActiveCfg = Debug|Any CPU
		{94FE96FA-26D9-4F42-BAEE-5C67554CCF10}.Debug|Any CPU.Build.0 = Debug|Any CPU
		{94FE96FA-26D9-4F42-BAEE-5C67554CCF10}.Release|Any CPU.ActiveCfg = Release|Any CPU
		{94FE96FA-26D9-4F42-BAEE-5C67554CCF10}.Release|Any CPU.Build.0 = Release|Any CPU
		{1AA0FBE8-E78E-404E-968C-E0F946EBC047}.Debug|Any CPU.ActiveCfg = Debug|Any CPU
		{1AA0FBE8-E78E-404E-968C-E0F946EBC047}.Debug|Any CPU.Build.0 = Debug|Any CPU
		{1AA0FBE8-E78E-404E-968C-E0F946EBC047}.Release|Any CPU.ActiveCfg = Release|Any CPU
		{1AA0FBE8-E78E-404E-968C-E0F946EBC047}.Release|Any CPU.Build.0 = Release|Any CPU
		{3B299B94-308D-4691-9D4A-32A60386E8E3}.Debug|Any CPU.ActiveCfg = Debug|Any CPU
		{3B299B94-308D-4691-9D4A-32A60386E8E3}.Debug|Any CPU.Build.0 = Debug|Any CPU
		{3B299B94-308D-4691-9D4A-32A60386E8E3}.Release|Any CPU.ActiveCfg = Release|Any CPU
		{3B299B94-308D-4691-9D4A-32A60386E8E3}.Release|Any CPU.Build.0 = Release|Any CPU
		{F21D474B-85AB-428F-871D-BEFD9F319FA1}.Debug|Any CPU.ActiveCfg = Debug|Any CPU
		{F21D474B-85AB-428F-871D-BEFD9F319FA1}.Debug|Any CPU.Build.0 = Debug|Any CPU
		{F21D474B-85AB-428F-871D-BEFD9F319FA1}.Release|Any CPU.ActiveCfg = Release|Any CPU
		{F21D474B-85AB-428F-871D-BEFD9F319FA1}.Release|Any CPU.Build.0 = Release|Any CPU
		{63F93CA4-3D1F-4434-B5D9-8666C9E25E0D}.Debug|Any CPU.ActiveCfg = Debug|Any CPU
		{63F93CA4-3D1F-4434-B5D9-8666C9E25E0D}.Debug|Any CPU.Build.0 = Debug|Any CPU
		{63F93CA4-3D1F-4434-B5D9-8666C9E25E0D}.Release|Any CPU.ActiveCfg = Release|Any CPU
		{63F93CA4-3D1F-4434-B5D9-8666C9E25E0D}.Release|Any CPU.Build.0 = Release|Any CPU
		{BD65F8EC-3C41-4996-ACB0-353F3F377CE2}.Debug|Any CPU.ActiveCfg = Debug|Any CPU
		{BD65F8EC-3C41-4996-ACB0-353F3F377CE2}.Debug|Any CPU.Build.0 = Debug|Any CPU
		{BD65F8EC-3C41-4996-ACB0-353F3F377CE2}.Release|Any CPU.ActiveCfg = Release|Any CPU
		{BD65F8EC-3C41-4996-ACB0-353F3F377CE2}.Release|Any CPU.Build.0 = Release|Any CPU
		{4A2DB327-6838-4A61-A2E1-990E25C70F71}.Debug|Any CPU.ActiveCfg = Debug|Any CPU
		{4A2DB327-6838-4A61-A2E1-990E25C70F71}.Debug|Any CPU.Build.0 = Debug|Any CPU
		{4A2DB327-6838-4A61-A2E1-990E25C70F71}.Release|Any CPU.ActiveCfg = Release|Any CPU
		{4A2DB327-6838-4A61-A2E1-990E25C70F71}.Release|Any CPU.Build.0 = Release|Any CPU
		{B7175E48-E762-4E04-8066-4022733D9694}.Debug|Any CPU.ActiveCfg = Debug|Any CPU
		{B7175E48-E762-4E04-8066-4022733D9694}.Debug|Any CPU.Build.0 = Debug|Any CPU
		{B7175E48-E762-4E04-8066-4022733D9694}.Release|Any CPU.ActiveCfg = Release|Any CPU
		{B7175E48-E762-4E04-8066-4022733D9694}.Release|Any CPU.Build.0 = Release|Any CPU
		{48F89B9D-EBA5-408D-B15F-87F10EC6ECAA}.Debug|Any CPU.ActiveCfg = Debug|Any CPU
		{48F89B9D-EBA5-408D-B15F-87F10EC6ECAA}.Debug|Any CPU.Build.0 = Debug|Any CPU
		{48F89B9D-EBA5-408D-B15F-87F10EC6ECAA}.Release|Any CPU.ActiveCfg = Release|Any CPU
		{48F89B9D-EBA5-408D-B15F-87F10EC6ECAA}.Release|Any CPU.Build.0 = Release|Any CPU
		{9382BF6E-F633-4ED0-BD1F-933916F827D4}.Debug|Any CPU.ActiveCfg = Debug|Any CPU
		{9382BF6E-F633-4ED0-BD1F-933916F827D4}.Debug|Any CPU.Build.0 = Debug|Any CPU
		{9382BF6E-F633-4ED0-BD1F-933916F827D4}.Release|Any CPU.ActiveCfg = Release|Any CPU
		{9382BF6E-F633-4ED0-BD1F-933916F827D4}.Release|Any CPU.Build.0 = Release|Any CPU
		{DF04B2AD-244A-491F-AF42-3FA6F702A40B}.Debug|Any CPU.ActiveCfg = Debug|Any CPU
		{DF04B2AD-244A-491F-AF42-3FA6F702A40B}.Debug|Any CPU.Build.0 = Debug|Any CPU
		{DF04B2AD-244A-491F-AF42-3FA6F702A40B}.Release|Any CPU.ActiveCfg = Release|Any CPU
		{DF04B2AD-244A-491F-AF42-3FA6F702A40B}.Release|Any CPU.Build.0 = Release|Any CPU
		{7C2923B6-5458-4981-8A4A-21D8875A21FE}.Debug|Any CPU.ActiveCfg = Debug|Any CPU
		{7C2923B6-5458-4981-8A4A-21D8875A21FE}.Debug|Any CPU.Build.0 = Debug|Any CPU
		{7C2923B6-5458-4981-8A4A-21D8875A21FE}.Release|Any CPU.ActiveCfg = Release|Any CPU
		{7C2923B6-5458-4981-8A4A-21D8875A21FE}.Release|Any CPU.Build.0 = Release|Any CPU
		{C48970C8-05C1-480D-8A9D-EF6B4A0D633B}.Debug|Any CPU.ActiveCfg = Debug|Any CPU
		{C48970C8-05C1-480D-8A9D-EF6B4A0D633B}.Debug|Any CPU.Build.0 = Debug|Any CPU
		{C48970C8-05C1-480D-8A9D-EF6B4A0D633B}.Release|Any CPU.ActiveCfg = Release|Any CPU
		{C48970C8-05C1-480D-8A9D-EF6B4A0D633B}.Release|Any CPU.Build.0 = Release|Any CPU
		{CE1AD0E4-3A2B-45CF-BB3E-587F1796BACA}.Debug|Any CPU.ActiveCfg = Debug|Any CPU
		{CE1AD0E4-3A2B-45CF-BB3E-587F1796BACA}.Debug|Any CPU.Build.0 = Debug|Any CPU
		{CE1AD0E4-3A2B-45CF-BB3E-587F1796BACA}.Release|Any CPU.ActiveCfg = Release|Any CPU
		{CE1AD0E4-3A2B-45CF-BB3E-587F1796BACA}.Release|Any CPU.Build.0 = Release|Any CPU
		{F47CE71D-671E-488F-98D1-6B7330772450}.Debug|Any CPU.ActiveCfg = Debug|Any CPU
		{F47CE71D-671E-488F-98D1-6B7330772450}.Debug|Any CPU.Build.0 = Debug|Any CPU
		{F47CE71D-671E-488F-98D1-6B7330772450}.Release|Any CPU.ActiveCfg = Release|Any CPU
		{F47CE71D-671E-488F-98D1-6B7330772450}.Release|Any CPU.Build.0 = Release|Any CPU
		{DBB5E233-29A2-4D76-AD49-7DDD43DBDD4D}.Debug|Any CPU.ActiveCfg = Debug|Any CPU
		{DBB5E233-29A2-4D76-AD49-7DDD43DBDD4D}.Debug|Any CPU.Build.0 = Debug|Any CPU
		{DBB5E233-29A2-4D76-AD49-7DDD43DBDD4D}.Release|Any CPU.ActiveCfg = Release|Any CPU
		{DBB5E233-29A2-4D76-AD49-7DDD43DBDD4D}.Release|Any CPU.Build.0 = Release|Any CPU
		{022A4C91-E06E-4CCB-B650-A7E1ED506001}.Debug|Any CPU.ActiveCfg = Debug|Any CPU
		{022A4C91-E06E-4CCB-B650-A7E1ED506001}.Debug|Any CPU.Build.0 = Debug|Any CPU
		{022A4C91-E06E-4CCB-B650-A7E1ED506001}.Release|Any CPU.ActiveCfg = Release|Any CPU
		{022A4C91-E06E-4CCB-B650-A7E1ED506001}.Release|Any CPU.Build.0 = Release|Any CPU
		{FBAE5EFD-27DA-42D1-8CE0-0E044FF72368}.Debug|Any CPU.ActiveCfg = Debug|Any CPU
		{FBAE5EFD-27DA-42D1-8CE0-0E044FF72368}.Debug|Any CPU.Build.0 = Debug|Any CPU
		{FBAE5EFD-27DA-42D1-8CE0-0E044FF72368}.Release|Any CPU.ActiveCfg = Release|Any CPU
		{FBAE5EFD-27DA-42D1-8CE0-0E044FF72368}.Release|Any CPU.Build.0 = Release|Any CPU
		{C952BFB4-6E50-4CAC-99AE-0A67D0398C6E}.Debug|Any CPU.ActiveCfg = Debug|Any CPU
		{C952BFB4-6E50-4CAC-99AE-0A67D0398C6E}.Debug|Any CPU.Build.0 = Debug|Any CPU
		{C952BFB4-6E50-4CAC-99AE-0A67D0398C6E}.Release|Any CPU.ActiveCfg = Release|Any CPU
		{C952BFB4-6E50-4CAC-99AE-0A67D0398C6E}.Release|Any CPU.Build.0 = Release|Any CPU
		{CA1BEAD2-F11A-4BF9-AF06-2AABC7F8D885}.Debug|Any CPU.ActiveCfg = Debug|Any CPU
		{CA1BEAD2-F11A-4BF9-AF06-2AABC7F8D885}.Debug|Any CPU.Build.0 = Debug|Any CPU
		{CA1BEAD2-F11A-4BF9-AF06-2AABC7F8D885}.Release|Any CPU.ActiveCfg = Release|Any CPU
		{CA1BEAD2-F11A-4BF9-AF06-2AABC7F8D885}.Release|Any CPU.Build.0 = Release|Any CPU
		{1A092E6A-9DBA-4E32-9A7A-C515905CABA7}.Debug|Any CPU.ActiveCfg = Debug|Any CPU
		{1A092E6A-9DBA-4E32-9A7A-C515905CABA7}.Debug|Any CPU.Build.0 = Debug|Any CPU
		{1A092E6A-9DBA-4E32-9A7A-C515905CABA7}.Release|Any CPU.ActiveCfg = Release|Any CPU
		{1A092E6A-9DBA-4E32-9A7A-C515905CABA7}.Release|Any CPU.Build.0 = Release|Any CPU
		{FBC9ABCD-BE2A-41F8-8D8F-93BADF202BF9}.Debug|Any CPU.ActiveCfg = Debug|Any CPU
		{FBC9ABCD-BE2A-41F8-8D8F-93BADF202BF9}.Debug|Any CPU.Build.0 = Debug|Any CPU
		{FBC9ABCD-BE2A-41F8-8D8F-93BADF202BF9}.Release|Any CPU.ActiveCfg = Release|Any CPU
		{FBC9ABCD-BE2A-41F8-8D8F-93BADF202BF9}.Release|Any CPU.Build.0 = Release|Any CPU
		{39A77326-0FF7-42D0-803A-633172C1A437}.Debug|Any CPU.ActiveCfg = Debug|Any CPU
		{39A77326-0FF7-42D0-803A-633172C1A437}.Debug|Any CPU.Build.0 = Debug|Any CPU
		{39A77326-0FF7-42D0-803A-633172C1A437}.Release|Any CPU.ActiveCfg = Release|Any CPU
		{39A77326-0FF7-42D0-803A-633172C1A437}.Release|Any CPU.Build.0 = Release|Any CPU
		{637031BD-F81A-4B3E-A39F-97139959BCA3}.Debug|Any CPU.ActiveCfg = Debug|Any CPU
		{637031BD-F81A-4B3E-A39F-97139959BCA3}.Debug|Any CPU.Build.0 = Debug|Any CPU
		{637031BD-F81A-4B3E-A39F-97139959BCA3}.Release|Any CPU.ActiveCfg = Release|Any CPU
		{637031BD-F81A-4B3E-A39F-97139959BCA3}.Release|Any CPU.Build.0 = Release|Any CPU
		{B26AF0B6-DD23-4150-98D2-61622115C6EF}.Debug|Any CPU.ActiveCfg = Debug|Any CPU
		{B26AF0B6-DD23-4150-98D2-61622115C6EF}.Debug|Any CPU.Build.0 = Debug|Any CPU
		{B26AF0B6-DD23-4150-98D2-61622115C6EF}.Release|Any CPU.ActiveCfg = Release|Any CPU
		{B26AF0B6-DD23-4150-98D2-61622115C6EF}.Release|Any CPU.Build.0 = Release|Any CPU
		{AB70BF95-CC36-46EE-8608-02DFD49CF201}.Debug|Any CPU.ActiveCfg = Debug|Any CPU
		{AB70BF95-CC36-46EE-8608-02DFD49CF201}.Debug|Any CPU.Build.0 = Debug|Any CPU
		{AB70BF95-CC36-46EE-8608-02DFD49CF201}.Release|Any CPU.ActiveCfg = Release|Any CPU
		{AB70BF95-CC36-46EE-8608-02DFD49CF201}.Release|Any CPU.Build.0 = Release|Any CPU
		{A8B2509D-AC37-4C5A-AA06-5CA77ACB7E5C}.Debug|Any CPU.ActiveCfg = Debug|Any CPU
		{A8B2509D-AC37-4C5A-AA06-5CA77ACB7E5C}.Debug|Any CPU.Build.0 = Debug|Any CPU
		{A8B2509D-AC37-4C5A-AA06-5CA77ACB7E5C}.Release|Any CPU.ActiveCfg = Release|Any CPU
		{A8B2509D-AC37-4C5A-AA06-5CA77ACB7E5C}.Release|Any CPU.Build.0 = Release|Any CPU
		{F825E589-5587-46BF-BC9E-1F875270F6FB}.Debug|Any CPU.ActiveCfg = Debug|Any CPU
		{F825E589-5587-46BF-BC9E-1F875270F6FB}.Debug|Any CPU.Build.0 = Debug|Any CPU
		{F825E589-5587-46BF-BC9E-1F875270F6FB}.Release|Any CPU.ActiveCfg = Release|Any CPU
		{F825E589-5587-46BF-BC9E-1F875270F6FB}.Release|Any CPU.Build.0 = Release|Any CPU
		{9CA47702-58CB-408F-8A1D-DFF299AC4F4D}.Debug|Any CPU.ActiveCfg = Debug|Any CPU
		{9CA47702-58CB-408F-8A1D-DFF299AC4F4D}.Debug|Any CPU.Build.0 = Debug|Any CPU
		{9CA47702-58CB-408F-8A1D-DFF299AC4F4D}.Release|Any CPU.ActiveCfg = Release|Any CPU
		{9CA47702-58CB-408F-8A1D-DFF299AC4F4D}.Release|Any CPU.Build.0 = Release|Any CPU
		{D54A95D2-0A05-412F-8C40-D6D17EDCCD54}.Debug|Any CPU.ActiveCfg = Debug|Any CPU
		{D54A95D2-0A05-412F-8C40-D6D17EDCCD54}.Debug|Any CPU.Build.0 = Debug|Any CPU
		{D54A95D2-0A05-412F-8C40-D6D17EDCCD54}.Release|Any CPU.ActiveCfg = Release|Any CPU
		{D54A95D2-0A05-412F-8C40-D6D17EDCCD54}.Release|Any CPU.Build.0 = Release|Any CPU
		{57BF8748-DB00-4889-A429-B4EDED8AC282}.Debug|Any CPU.ActiveCfg = Debug|Any CPU
		{57BF8748-DB00-4889-A429-B4EDED8AC282}.Debug|Any CPU.Build.0 = Debug|Any CPU
		{57BF8748-DB00-4889-A429-B4EDED8AC282}.Release|Any CPU.ActiveCfg = Release|Any CPU
		{57BF8748-DB00-4889-A429-B4EDED8AC282}.Release|Any CPU.Build.0 = Release|Any CPU
		{C6CC0B3C-A9D2-4B1B-B39C-BFE4B9959B7D}.Debug|Any CPU.ActiveCfg = Debug|Any CPU
		{C6CC0B3C-A9D2-4B1B-B39C-BFE4B9959B7D}.Debug|Any CPU.Build.0 = Debug|Any CPU
		{C6CC0B3C-A9D2-4B1B-B39C-BFE4B9959B7D}.Release|Any CPU.ActiveCfg = Release|Any CPU
		{C6CC0B3C-A9D2-4B1B-B39C-BFE4B9959B7D}.Release|Any CPU.Build.0 = Release|Any CPU
		{39509D55-A764-4EAD-8A3C-0EBF76E31C59}.Debug|Any CPU.ActiveCfg = Debug|Any CPU
		{39509D55-A764-4EAD-8A3C-0EBF76E31C59}.Debug|Any CPU.Build.0 = Debug|Any CPU
		{39509D55-A764-4EAD-8A3C-0EBF76E31C59}.Release|Any CPU.ActiveCfg = Release|Any CPU
		{39509D55-A764-4EAD-8A3C-0EBF76E31C59}.Release|Any CPU.Build.0 = Release|Any CPU
		{EB53FD4F-38A8-41A2-A67F-7DFDFCB60605}.Debug|Any CPU.ActiveCfg = Debug|Any CPU
		{EB53FD4F-38A8-41A2-A67F-7DFDFCB60605}.Debug|Any CPU.Build.0 = Debug|Any CPU
		{EB53FD4F-38A8-41A2-A67F-7DFDFCB60605}.Release|Any CPU.ActiveCfg = Release|Any CPU
		{EB53FD4F-38A8-41A2-A67F-7DFDFCB60605}.Release|Any CPU.Build.0 = Release|Any CPU
		{FB40491E-3FAD-485D-8EE4-4F577D24FA35}.Debug|Any CPU.ActiveCfg = Debug|Any CPU
		{FB40491E-3FAD-485D-8EE4-4F577D24FA35}.Debug|Any CPU.Build.0 = Debug|Any CPU
		{FB40491E-3FAD-485D-8EE4-4F577D24FA35}.Release|Any CPU.ActiveCfg = Release|Any CPU
		{FB40491E-3FAD-485D-8EE4-4F577D24FA35}.Release|Any CPU.Build.0 = Release|Any CPU
		{963BC5A6-6F9E-4B65-A0D4-7799259AA885}.Debug|Any CPU.ActiveCfg = Debug|Any CPU
		{963BC5A6-6F9E-4B65-A0D4-7799259AA885}.Debug|Any CPU.Build.0 = Debug|Any CPU
		{963BC5A6-6F9E-4B65-A0D4-7799259AA885}.Release|Any CPU.ActiveCfg = Release|Any CPU
		{963BC5A6-6F9E-4B65-A0D4-7799259AA885}.Release|Any CPU.Build.0 = Release|Any CPU
		{5EB1E62C-2C40-46BC-B5B4-128C824EB5DB}.Debug|Any CPU.ActiveCfg = Debug|Any CPU
		{5EB1E62C-2C40-46BC-B5B4-128C824EB5DB}.Debug|Any CPU.Build.0 = Debug|Any CPU
		{5EB1E62C-2C40-46BC-B5B4-128C824EB5DB}.Release|Any CPU.ActiveCfg = Release|Any CPU
		{5EB1E62C-2C40-46BC-B5B4-128C824EB5DB}.Release|Any CPU.Build.0 = Release|Any CPU
		{A6E3836D-D4C1-4D3A-93BA-72A196C661D2}.Debug|Any CPU.ActiveCfg = Debug|Any CPU
		{A6E3836D-D4C1-4D3A-93BA-72A196C661D2}.Debug|Any CPU.Build.0 = Debug|Any CPU
		{A6E3836D-D4C1-4D3A-93BA-72A196C661D2}.Release|Any CPU.ActiveCfg = Release|Any CPU
		{A6E3836D-D4C1-4D3A-93BA-72A196C661D2}.Release|Any CPU.Build.0 = Release|Any CPU
		{9E27A9B9-E0EF-4043-A711-59DD8E73FC61}.Debug|Any CPU.ActiveCfg = Debug|Any CPU
		{9E27A9B9-E0EF-4043-A711-59DD8E73FC61}.Debug|Any CPU.Build.0 = Debug|Any CPU
		{9E27A9B9-E0EF-4043-A711-59DD8E73FC61}.Release|Any CPU.ActiveCfg = Release|Any CPU
		{9E27A9B9-E0EF-4043-A711-59DD8E73FC61}.Release|Any CPU.Build.0 = Release|Any CPU
		{C7126B96-A1EE-4402-9932-EAD13657FAE2}.Debug|Any CPU.ActiveCfg = Debug|Any CPU
		{C7126B96-A1EE-4402-9932-EAD13657FAE2}.Debug|Any CPU.Build.0 = Debug|Any CPU
		{C7126B96-A1EE-4402-9932-EAD13657FAE2}.Release|Any CPU.ActiveCfg = Release|Any CPU
		{C7126B96-A1EE-4402-9932-EAD13657FAE2}.Release|Any CPU.Build.0 = Release|Any CPU
		{017BADBB-5AD4-4C91-BBA1-0CF01077912B}.Debug|Any CPU.ActiveCfg = Debug|Any CPU
		{017BADBB-5AD4-4C91-BBA1-0CF01077912B}.Debug|Any CPU.Build.0 = Debug|Any CPU
		{017BADBB-5AD4-4C91-BBA1-0CF01077912B}.Release|Any CPU.ActiveCfg = Release|Any CPU
		{017BADBB-5AD4-4C91-BBA1-0CF01077912B}.Release|Any CPU.Build.0 = Release|Any CPU
		{1E870601-C73D-4A79-B707-764BEA908C91}.Debug|Any CPU.ActiveCfg = Debug|Any CPU
		{1E870601-C73D-4A79-B707-764BEA908C91}.Debug|Any CPU.Build.0 = Debug|Any CPU
		{1E870601-C73D-4A79-B707-764BEA908C91}.Release|Any CPU.ActiveCfg = Release|Any CPU
		{1E870601-C73D-4A79-B707-764BEA908C91}.Release|Any CPU.Build.0 = Release|Any CPU
		{74132893-4CE3-4781-A40D-DE33CDDB42BF}.Debug|Any CPU.ActiveCfg = Debug|Any CPU
		{74132893-4CE3-4781-A40D-DE33CDDB42BF}.Debug|Any CPU.Build.0 = Debug|Any CPU
		{74132893-4CE3-4781-A40D-DE33CDDB42BF}.Release|Any CPU.ActiveCfg = Release|Any CPU
		{74132893-4CE3-4781-A40D-DE33CDDB42BF}.Release|Any CPU.Build.0 = Release|Any CPU
		{180A49A4-E369-46B2-B5AE-455C1DF64C69}.Debug|Any CPU.ActiveCfg = Debug|Any CPU
		{180A49A4-E369-46B2-B5AE-455C1DF64C69}.Debug|Any CPU.Build.0 = Debug|Any CPU
		{180A49A4-E369-46B2-B5AE-455C1DF64C69}.Release|Any CPU.ActiveCfg = Release|Any CPU
		{180A49A4-E369-46B2-B5AE-455C1DF64C69}.Release|Any CPU.Build.0 = Release|Any CPU
		{7150E118-C9D3-4509-8F7F-8736B77A444B}.Debug|Any CPU.ActiveCfg = Debug|Any CPU
		{7150E118-C9D3-4509-8F7F-8736B77A444B}.Debug|Any CPU.Build.0 = Debug|Any CPU
		{7150E118-C9D3-4509-8F7F-8736B77A444B}.Release|Any CPU.ActiveCfg = Release|Any CPU
		{7150E118-C9D3-4509-8F7F-8736B77A444B}.Release|Any CPU.Build.0 = Release|Any CPU
		{9AA6E7B4-C9F1-487E-B1D4-FBA5EFB36FB2}.Debug|Any CPU.ActiveCfg = Debug|Any CPU
		{9AA6E7B4-C9F1-487E-B1D4-FBA5EFB36FB2}.Debug|Any CPU.Build.0 = Debug|Any CPU
		{9AA6E7B4-C9F1-487E-B1D4-FBA5EFB36FB2}.Release|Any CPU.ActiveCfg = Release|Any CPU
		{9AA6E7B4-C9F1-487E-B1D4-FBA5EFB36FB2}.Release|Any CPU.Build.0 = Release|Any CPU
		{96C9D065-B77F-42F4-8DA8-2C7570E366D1}.Debug|Any CPU.ActiveCfg = Debug|Any CPU
		{96C9D065-B77F-42F4-8DA8-2C7570E366D1}.Debug|Any CPU.Build.0 = Debug|Any CPU
		{96C9D065-B77F-42F4-8DA8-2C7570E366D1}.Release|Any CPU.ActiveCfg = Release|Any CPU
		{96C9D065-B77F-42F4-8DA8-2C7570E366D1}.Release|Any CPU.Build.0 = Release|Any CPU
		{9AE80435-EA21-4D75-BA1F-79B12F2CE403}.Debug|Any CPU.ActiveCfg = Debug|Any CPU
		{9AE80435-EA21-4D75-BA1F-79B12F2CE403}.Debug|Any CPU.Build.0 = Debug|Any CPU
		{9AE80435-EA21-4D75-BA1F-79B12F2CE403}.Release|Any CPU.ActiveCfg = Release|Any CPU
		{9AE80435-EA21-4D75-BA1F-79B12F2CE403}.Release|Any CPU.Build.0 = Release|Any CPU
		{89E1F1B9-31E5-4207-82A4-46FDE7B6287F}.Debug|Any CPU.ActiveCfg = Debug|Any CPU
		{89E1F1B9-31E5-4207-82A4-46FDE7B6287F}.Debug|Any CPU.Build.0 = Debug|Any CPU
		{89E1F1B9-31E5-4207-82A4-46FDE7B6287F}.Release|Any CPU.ActiveCfg = Release|Any CPU
		{89E1F1B9-31E5-4207-82A4-46FDE7B6287F}.Release|Any CPU.Build.0 = Release|Any CPU
		{B1CC0D61-AAD4-424E-9735-C1D97121D84D}.Debug|Any CPU.ActiveCfg = Debug|Any CPU
		{B1CC0D61-AAD4-424E-9735-C1D97121D84D}.Debug|Any CPU.Build.0 = Debug|Any CPU
		{B1CC0D61-AAD4-424E-9735-C1D97121D84D}.Release|Any CPU.ActiveCfg = Release|Any CPU
		{B1CC0D61-AAD4-424E-9735-C1D97121D84D}.Release|Any CPU.Build.0 = Release|Any CPU
		{638E8670-5C2C-4CF6-9E7E-C51630B7A5C5}.Debug|Any CPU.ActiveCfg = Debug|Any CPU
		{638E8670-5C2C-4CF6-9E7E-C51630B7A5C5}.Debug|Any CPU.Build.0 = Debug|Any CPU
		{638E8670-5C2C-4CF6-9E7E-C51630B7A5C5}.Release|Any CPU.ActiveCfg = Release|Any CPU
		{638E8670-5C2C-4CF6-9E7E-C51630B7A5C5}.Release|Any CPU.Build.0 = Release|Any CPU
		{38776D57-61BC-430D-8899-FAD5BBCCF8B4}.Debug|Any CPU.ActiveCfg = Debug|Any CPU
		{38776D57-61BC-430D-8899-FAD5BBCCF8B4}.Debug|Any CPU.Build.0 = Debug|Any CPU
		{38776D57-61BC-430D-8899-FAD5BBCCF8B4}.Release|Any CPU.ActiveCfg = Release|Any CPU
		{38776D57-61BC-430D-8899-FAD5BBCCF8B4}.Release|Any CPU.Build.0 = Release|Any CPU
		{19CD8301-51DB-4576-AB28-ECCF2E78F0A2}.Debug|Any CPU.ActiveCfg = Debug|Any CPU
		{19CD8301-51DB-4576-AB28-ECCF2E78F0A2}.Debug|Any CPU.Build.0 = Debug|Any CPU
		{19CD8301-51DB-4576-AB28-ECCF2E78F0A2}.Release|Any CPU.ActiveCfg = Release|Any CPU
		{19CD8301-51DB-4576-AB28-ECCF2E78F0A2}.Release|Any CPU.Build.0 = Release|Any CPU
		{946FBB3F-EC64-4160-BF31-5F0FA124CB96}.Debug|Any CPU.ActiveCfg = Debug|Any CPU
		{946FBB3F-EC64-4160-BF31-5F0FA124CB96}.Debug|Any CPU.Build.0 = Debug|Any CPU
		{946FBB3F-EC64-4160-BF31-5F0FA124CB96}.Release|Any CPU.ActiveCfg = Release|Any CPU
		{946FBB3F-EC64-4160-BF31-5F0FA124CB96}.Release|Any CPU.Build.0 = Release|Any CPU
		{CF438A99-F665-4695-84C7-52BC782B5B7A}.Debug|Any CPU.ActiveCfg = Debug|Any CPU
		{CF438A99-F665-4695-84C7-52BC782B5B7A}.Debug|Any CPU.Build.0 = Debug|Any CPU
		{CF438A99-F665-4695-84C7-52BC782B5B7A}.Release|Any CPU.ActiveCfg = Release|Any CPU
		{CF438A99-F665-4695-84C7-52BC782B5B7A}.Release|Any CPU.Build.0 = Release|Any CPU
		{977C6AB6-CDD7-454A-98C3-1786F88542CF}.Debug|Any CPU.ActiveCfg = Debug|Any CPU
		{977C6AB6-CDD7-454A-98C3-1786F88542CF}.Debug|Any CPU.Build.0 = Debug|Any CPU
		{977C6AB6-CDD7-454A-98C3-1786F88542CF}.Release|Any CPU.ActiveCfg = Release|Any CPU
		{977C6AB6-CDD7-454A-98C3-1786F88542CF}.Release|Any CPU.Build.0 = Release|Any CPU
		{C89D1E79-CB46-413B-88B4-6819CD8C23BB}.Debug|Any CPU.ActiveCfg = Debug|Any CPU
		{C89D1E79-CB46-413B-88B4-6819CD8C23BB}.Debug|Any CPU.Build.0 = Debug|Any CPU
		{C89D1E79-CB46-413B-88B4-6819CD8C23BB}.Release|Any CPU.ActiveCfg = Release|Any CPU
		{C89D1E79-CB46-413B-88B4-6819CD8C23BB}.Release|Any CPU.Build.0 = Release|Any CPU
		{7F48752A-0518-458B-9B9E-700F51BDF39C}.Debug|Any CPU.ActiveCfg = Debug|Any CPU
		{7F48752A-0518-458B-9B9E-700F51BDF39C}.Debug|Any CPU.Build.0 = Debug|Any CPU
		{7F48752A-0518-458B-9B9E-700F51BDF39C}.Release|Any CPU.ActiveCfg = Release|Any CPU
		{7F48752A-0518-458B-9B9E-700F51BDF39C}.Release|Any CPU.Build.0 = Release|Any CPU
		{2E55A0C7-65C8-4E23-8F6C-E9B955994BFB}.Debug|Any CPU.ActiveCfg = Debug|Any CPU
		{2E55A0C7-65C8-4E23-8F6C-E9B955994BFB}.Debug|Any CPU.Build.0 = Debug|Any CPU
		{2E55A0C7-65C8-4E23-8F6C-E9B955994BFB}.Release|Any CPU.ActiveCfg = Release|Any CPU
		{2E55A0C7-65C8-4E23-8F6C-E9B955994BFB}.Release|Any CPU.Build.0 = Release|Any CPU
		{DF62E3DB-6C67-4498-A57C-5E1371B7698A}.Debug|Any CPU.ActiveCfg = Debug|Any CPU
		{DF62E3DB-6C67-4498-A57C-5E1371B7698A}.Debug|Any CPU.Build.0 = Debug|Any CPU
		{DF62E3DB-6C67-4498-A57C-5E1371B7698A}.Release|Any CPU.ActiveCfg = Release|Any CPU
		{DF62E3DB-6C67-4498-A57C-5E1371B7698A}.Release|Any CPU.Build.0 = Release|Any CPU
	EndGlobalSection
	GlobalSection(SolutionProperties) = preSolution
		HideSolutionNode = FALSE
	EndGlobalSection
	GlobalSection(ExtensibilityGlobals) = postSolution
		SolutionGuid = {43F783D4-43A2-4A80-AAD4-663BAFE6A451}
	EndGlobalSection
EndGlobal
